<?xml version="1.0" encoding="utf-8"?>
<Project ToolsVersion="4.0" xmlns="http://schemas.microsoft.com/developer/msbuild/2003">
  <ItemGroup>
    <Filter Include="Source Files">
      <UniqueIdentifier>{4FC737F1-C7A5-4376-A066-2A32D752A2FF}</UniqueIdentifier>
      <Extensions>cpp;c;cc;cxx;def;odl;idl;hpj;bat;asm;asmx</Extensions>
    </Filter>
    <Filter Include="Header Files">
      <UniqueIdentifier>{93995380-89BD-4b04-88EB-625FBE52EBFB}</UniqueIdentifier>
      <Extensions>h;hh;hpp;hxx;hm;inl;inc;xsd</Extensions>
    </Filter>
    <Filter Include="Resource Files">
      <UniqueIdentifier>{67DA6AB6-F800-4c08-8B7A-83BB121AAD01}</UniqueIdentifier>
      <Extensions>rc;ico;cur;bmp;dlg;rc2;rct;bin;rgs;gif;jpg;jpeg;jpe;resx;tiff;tif;png;wav;mfcribbon-ms</Extensions>
    </Filter>
  </ItemGroup>
  <ItemGroup>
    <ClCompile Include="src\dLog.cpp">
      <Filter>Source Files</Filter>
    </ClCompile>
    <ClCompile Include="src\File.cpp">
      <Filter>Source Files</Filter>
    </ClCompile>
    <ClCompile Include="src\GActors\Rat.cpp">
      <Filter>Source Files</Filter>
    </ClCompile>
    <ClCompile Include="src\GActors\Swordsmen.cpp">
      <Filter>Source Files</Filter>
    </ClCompile>
    <ClCompile Include="src\GMaps\CenterTown.cpp">
      <Filter>Source Files</Filter>
    </ClCompile>
    <ClCompile Include="src\GTiles\House_2Story.cpp">
      <Filter>Source Files</Filter>
    </ClCompile>
    <ClCompile Include="src\Map\Map.cpp">
      <Filter>Source Files</Filter>
    </ClCompile>
    <ClCompile Include="src\Map\MapManager.cpp">
      <Filter>Source Files</Filter>
    </ClCompile>
    <ClCompile Include="src\Map\Node.cpp">
      <Filter>Source Files</Filter>
    </ClCompile>
    <ClCompile Include="src\Objects\Actor.cpp">
      <Filter>Source Files</Filter>
    </ClCompile>
    <ClCompile Include="src\Objects\Creature.cpp">
      <Filter>Source Files</Filter>
    </ClCompile>
    <ClCompile Include="src\Objects\Equipment.cpp">
      <Filter>Source Files</Filter>
    </ClCompile>
    <ClCompile Include="src\Objects\Inventory.cpp">
      <Filter>Source Files</Filter>
    </ClCompile>
    <ClCompile Include="src\Objects\Item.cpp">
      <Filter>Source Files</Filter>
    </ClCompile>
    <ClCompile Include="src\Objects\Player.cpp">
      <Filter>Source Files</Filter>
    </ClCompile>
    <ClCompile Include="src\utils.cpp">
      <Filter>Source Files</Filter>
    </ClCompile>
    <ClCompile Include="src\GObjects\BasicSword.cpp">
      <Filter>Source Files</Filter>
    </ClCompile>
    <ClCompile Include="src\Dir.cpp">
      <Filter>Source Files</Filter>
    </ClCompile>
    <ClCompile Include="src\Factory.cpp">
      <Filter>Source Files</Filter>
    </ClCompile>
    <ClCompile Include="src\Objects\Stats.cpp">
      <Filter>Source Files</Filter>
    </ClCompile>
    <ClCompile Include="src\main.cpp">
      <Filter>Source Files</Filter>
    </ClCompile>
    <ClCompile Include="test\test.cpp">
      <Filter>Source Files</Filter>
    </ClCompile>
  </ItemGroup>
  <ItemGroup>
    <ClInclude Include="include\Dir.h">
      <Filter>Header Files</Filter>
    </ClInclude>
    <ClInclude Include="include\dLog.h">
      <Filter>Header Files</Filter>
    </ClInclude>
    <ClInclude Include="include\Enums\MapEnum.h">
      <Filter>Header Files</Filter>
    </ClInclude>
    <ClInclude Include="include\Enums\NodeEnum.h">
      <Filter>Header Files</Filter>
    </ClInclude>
    <ClInclude Include="include\File.h">
      <Filter>Header Files</Filter>
    </ClInclude>
    <ClInclude Include="include\GActors\Rat.h">
      <Filter>Header Files</Filter>
    </ClInclude>
    <ClInclude Include="include\GActors\Swordsmen.h">
      <Filter>Header Files</Filter>
    </ClInclude>
    <ClInclude Include="include\GameFiles.h">
      <Filter>Header Files</Filter>
    </ClInclude>
    <ClInclude Include="include\GMaps\CenterTown.h">
      <Filter>Header Files</Filter>
    </ClInclude>
    <ClInclude Include="include\GTiles\House_2Story.h">
      <Filter>Header Files</Filter>
    </ClInclude>
    <ClInclude Include="include\Map\Map.h">
      <Filter>Header Files</Filter>
    </ClInclude>
    <ClInclude Include="include\Map\MapManager.h">
      <Filter>Header Files</Filter>
    </ClInclude>
    <ClInclude Include="include\Map\Node.h">
      <Filter>Header Files</Filter>
    </ClInclude>
    <ClInclude Include="include\Objects\Actor.h">
      <Filter>Header Files</Filter>
    </ClInclude>
    <ClInclude Include="include\Objects\Creature.h">
      <Filter>Header Files</Filter>
    </ClInclude>
    <ClInclude Include="include\Objects\Equipment.h">
      <Filter>Header Files</Filter>
    </ClInclude>
    <ClInclude Include="include\Objects\Inventory.h">
      <Filter>Header Files</Filter>
    </ClInclude>
    <ClInclude Include="include\Objects\Item.h">
      <Filter>Header Files</Filter>
    </ClInclude>
    <ClInclude Include="include\Objects\Player.h">
      <Filter>Header Files</Filter>
    </ClInclude>
    <ClInclude Include="include\Objects\Stats.h">
      <Filter>Header Files</Filter>
    </ClInclude>
    <ClInclude Include="include\utils.h">
      <Filter>Header Files</Filter>
    </ClInclude>
    <ClInclude Include="include\GObjects\BasicSword.h">
      <Filter>Header Files</Filter>
    </ClInclude>
    <ClInclude Include="include\Factory.h">
      <Filter>Header Files</Filter>
    </ClInclude>
    <ClInclude Include="include\Factory_Enums.h">
      <Filter>Header Files</Filter>
    </ClInclude>
    <ClInclude Include="include\GObjects\HealingWand.h">
      <Filter>Header Files</Filter>
    </ClInclude>
  </ItemGroup>
</Project>