<?xml version="1.0" encoding="utf-8"?>
<Project ToolsVersion="4.0" xmlns="http://schemas.microsoft.com/developer/msbuild/2003">
  <ItemGroup>
    <Filter Include="SavableTest">
      <UniqueIdentifier>{c908d756-45ac-4a4f-83f6-6562e923ed65}</UniqueIdentifier>
    </Filter>
    <Filter Include="PWGTest">
      <UniqueIdentifier>{1613a5a9-0e35-414a-85a8-88a90f825abd}</UniqueIdentifier>
    </Filter>
    <Filter Include="PWGTest\Objects">
      <UniqueIdentifier>{1162704c-0b11-4f34-a0c5-b469d69da2aa}</UniqueIdentifier>
    </Filter>
  </ItemGroup>
  <ItemGroup>
    <ClCompile Include="StatsTest.cpp">
      <Filter>PWGTest\Objects</Filter>
    </ClCompile>
    <ClCompile Include="SavableTest.cpp">
      <Filter>SavableTest</Filter>
    </ClCompile>
    <ClCompile Include="ItemTest.cpp">
      <Filter>PWGTest\Objects</Filter>
    </ClCompile>
  </ItemGroup>
</Project>